
Microsoft Visual Studio Solution File, Format Version 12.00
# Visual Studio Version 16
VisualStudioVersion = 16.0.31005.135
MinimumVisualStudioVersion = 10.0.40219.1
Project("{FAE04EC0-301F-11D3-BF4B-00C04F79EFBC}") = "ControlDeEstudiantes", "ControlDeEstudiantes.csproj", "{93E9472E-2B98-410F-A65F-DB2ABA219982}"
EndProject
Global
	GlobalSection(SolutionConfigurationPlatforms) = preSolution
		Debug|Any CPU = Debug|Any CPU
		Release|Any CPU = Release|Any CPU
	EndGlobalSection
	GlobalSection(ProjectConfigurationPlatforms) = postSolution
		{93E9472E-2B98-410F-A65F-DB2ABA219982}.Debug|Any CPU.ActiveCfg = Debug|Any CPU
		{93E9472E-2B98-410F-A65F-DB2ABA219982}.Debug|Any CPU.Build.0 = Debug|Any CPU
		{93E9472E-2B98-410F-A65F-DB2ABA219982}.Release|Any CPU.ActiveCfg = Release|Any CPU
		{93E9472E-2B98-410F-A65F-DB2ABA219982}.Release|Any CPU.Build.0 = Release|Any CPU
	EndGlobalSection
	GlobalSection(SolutionProperties) = preSolution
		HideSolutionNode = FALSE
	EndGlobalSection
	GlobalSection(ExtensibilityGlobals) = postSolution
		SolutionGuid = {D612C047-11BA-411D-B65D-C2147A02C274}
	EndGlobalSection
EndGlobal
